
Microsoft Visual Studio Solution File, Format Version 12.00
# Visual Studio Version 17
VisualStudioVersion = 17.6.33801.468
MinimumVisualStudioVersion = 10.0.40219.1
Project("{D954291E-2A0B-460D-934E-DC6B0785DB48}") = "OGA.HBD.Lib_SP", "OGA.HBD.Lib_SP\OGA.HBD.Lib_SP.shproj", "{43A1C43D-15DE-4E44-ACCB-2B009415877E}"
EndProject
Project("{FAE04EC0-301F-11D3-BF4B-00C04F79EFBC}") = "OGA.HBD.Lib_NET5", "OGA.HBD.Lib_NET5\OGA.HBD.Lib_NET5.csproj", "{08A28F03-D327-4F60-8E86-358294C6333E}"
EndProject
Project("{FAE04EC0-301F-11D3-BF4B-00C04F79EFBC}") = "OGA.HBD.Lib_NET6", "OGA.HBD.Lib_NET6\OGA.HBD.Lib_NET6.csproj", "{D8E72EF7-8E1D-4626-B361-5A5D40F1C186}"
EndProject
Project("{FAE04EC0-301F-11D3-BF4B-00C04F79EFBC}") = "OGA.HBD.Lib_NET7", "OGA.HBD.Lib_NET7\OGA.HBD.Lib_NET7.csproj", "{9BE7AC90-3B1A-4F6C-A19B-14C8112B9F23}"
EndProject
Project("{D954291E-2A0B-460D-934E-DC6B0785DB48}") = "OGA.HBD.Lib_Tests_SP", "OGA.HBD.Lib_Tests_SP\OGA.HBD.Lib_Tests_SP.shproj", "{AA53E61E-1C86-4D52-907B-9BA3A32D27B0}"
EndProject
Project("{FAE04EC0-301F-11D3-BF4B-00C04F79EFBC}") = "OGA.HBD.Lib_Tests_NET5", "OGA.HBD.Lib_Tests_NET5\OGA.HBD.Lib_Tests_NET5.csproj", "{37328D52-60A8-4FAD-8C4B-F151B85D55C7}"
EndProject
Project("{FAE04EC0-301F-11D3-BF4B-00C04F79EFBC}") = "OGA.HBD.Lib_Tests_NET6", "OGA.HBD.Lib_Tests_NET6\OGA.HBD.Lib_Tests_NET6.csproj", "{4ED4CA2F-1C8F-4CDE-81F5-2753EF0E16E5}"
EndProject
Project("{FAE04EC0-301F-11D3-BF4B-00C04F79EFBC}") = "OGA.HBD.Lib_Tests_NET7", "OGA.HBD.Lib_Tests_NET7\OGA.HBD.Lib_Tests_NET7.csproj", "{174AEA3A-98A3-44F5-9A5B-FEE28970AE5A}"
EndProject
Project("{2150E333-8FDC-42A3-9474-1A3956D46DE8}") = "Tests", "Tests", "{E80FE273-D442-4C77-9A17-6E53F2ABADDC}"
EndProject
Project("{2150E333-8FDC-42A3-9474-1A3956D46DE8}") = "Dev", "Dev", "{6BB71126-79AE-4172-8697-8682778670E7}"
EndProject
Global
	GlobalSection(SolutionConfigurationPlatforms) = preSolution
		Debug|Any CPU = Debug|Any CPU
		DebugLinux|Any CPU = DebugLinux|Any CPU
		DebugWin|Any CPU = DebugWin|Any CPU
		Release|Any CPU = Release|Any CPU
		ReleaseLinux|Any CPU = ReleaseLinux|Any CPU
		ReleaseWin|Any CPU = ReleaseWin|Any CPU
	EndGlobalSection
	GlobalSection(ProjectConfigurationPlatforms) = postSolution
		{08A28F03-D327-4F60-8E86-358294C6333E}.Debug|Any CPU.ActiveCfg = DebugWin|Any CPU
		{08A28F03-D327-4F60-8E86-358294C6333E}.Debug|Any CPU.Build.0 = DebugWin|Any CPU
		{08A28F03-D327-4F60-8E86-358294C6333E}.DebugLinux|Any CPU.ActiveCfg = DebugLinux|Any CPU
		{08A28F03-D327-4F60-8E86-358294C6333E}.DebugLinux|Any CPU.Build.0 = DebugLinux|Any CPU
		{08A28F03-D327-4F60-8E86-358294C6333E}.DebugWin|Any CPU.ActiveCfg = DebugWin|Any CPU
		{08A28F03-D327-4F60-8E86-358294C6333E}.DebugWin|Any CPU.Build.0 = DebugWin|Any CPU
		{08A28F03-D327-4F60-8E86-358294C6333E}.Release|Any CPU.ActiveCfg = Release|Any CPU
		{08A28F03-D327-4F60-8E86-358294C6333E}.Release|Any CPU.Build.0 = Release|Any CPU
		{08A28F03-D327-4F60-8E86-358294C6333E}.ReleaseLinux|Any CPU.ActiveCfg = ReleaseLinux|Any CPU
		{08A28F03-D327-4F60-8E86-358294C6333E}.ReleaseLinux|Any CPU.Build.0 = ReleaseLinux|Any CPU
		{08A28F03-D327-4F60-8E86-358294C6333E}.ReleaseWin|Any CPU.ActiveCfg = ReleaseWin|Any CPU
		{08A28F03-D327-4F60-8E86-358294C6333E}.ReleaseWin|Any CPU.Build.0 = ReleaseWin|Any CPU
		{D8E72EF7-8E1D-4626-B361-5A5D40F1C186}.Debug|Any CPU.ActiveCfg = DebugWin|Any CPU
		{D8E72EF7-8E1D-4626-B361-5A5D40F1C186}.Debug|Any CPU.Build.0 = DebugWin|Any CPU
		{D8E72EF7-8E1D-4626-B361-5A5D40F1C186}.DebugLinux|Any CPU.ActiveCfg = DebugLinux|Any CPU
		{D8E72EF7-8E1D-4626-B361-5A5D40F1C186}.DebugLinux|Any CPU.Build.0 = DebugLinux|Any CPU
		{D8E72EF7-8E1D-4626-B361-5A5D40F1C186}.DebugWin|Any CPU.ActiveCfg = DebugWin|Any CPU
		{D8E72EF7-8E1D-4626-B361-5A5D40F1C186}.DebugWin|Any CPU.Build.0 = DebugWin|Any CPU
		{D8E72EF7-8E1D-4626-B361-5A5D40F1C186}.Release|Any CPU.ActiveCfg = Release|Any CPU
		{D8E72EF7-8E1D-4626-B361-5A5D40F1C186}.Release|Any CPU.Build.0 = Release|Any CPU
		{D8E72EF7-8E1D-4626-B361-5A5D40F1C186}.ReleaseLinux|Any CPU.ActiveCfg = ReleaseLinux|Any CPU
		{D8E72EF7-8E1D-4626-B361-5A5D40F1C186}.ReleaseLinux|Any CPU.Build.0 = ReleaseLinux|Any CPU
		{D8E72EF7-8E1D-4626-B361-5A5D40F1C186}.ReleaseWin|Any CPU.ActiveCfg = ReleaseWin|Any CPU
		{D8E72EF7-8E1D-4626-B361-5A5D40F1C186}.ReleaseWin|Any CPU.Build.0 = ReleaseWin|Any CPU
		{9BE7AC90-3B1A-4F6C-A19B-14C8112B9F23}.Debug|Any CPU.ActiveCfg = DebugWin|Any CPU
		{9BE7AC90-3B1A-4F6C-A19B-14C8112B9F23}.Debug|Any CPU.Build.0 = DebugWin|Any CPU
		{9BE7AC90-3B1A-4F6C-A19B-14C8112B9F23}.DebugLinux|Any CPU.ActiveCfg = DebugLinux|Any CPU
		{9BE7AC90-3B1A-4F6C-A19B-14C8112B9F23}.DebugLinux|Any CPU.Build.0 = DebugLinux|Any CPU
		{9BE7AC90-3B1A-4F6C-A19B-14C8112B9F23}.DebugWin|Any CPU.ActiveCfg = DebugWin|Any CPU
		{9BE7AC90-3B1A-4F6C-A19B-14C8112B9F23}.DebugWin|Any CPU.Build.0 = DebugWin|Any CPU
		{9BE7AC90-3B1A-4F6C-A19B-14C8112B9F23}.Release|Any CPU.ActiveCfg = Release|Any CPU
		{9BE7AC90-3B1A-4F6C-A19B-14C8112B9F23}.Release|Any CPU.Build.0 = Release|Any CPU
		{9BE7AC90-3B1A-4F6C-A19B-14C8112B9F23}.ReleaseLinux|Any CPU.ActiveCfg = ReleaseLinux|Any CPU
		{9BE7AC90-3B1A-4F6C-A19B-14C8112B9F23}.ReleaseLinux|Any CPU.Build.0 = ReleaseLinux|Any CPU
		{9BE7AC90-3B1A-4F6C-A19B-14C8112B9F23}.ReleaseWin|Any CPU.ActiveCfg = ReleaseWin|Any CPU
		{9BE7AC90-3B1A-4F6C-A19B-14C8112B9F23}.ReleaseWin|Any CPU.Build.0 = ReleaseWin|Any CPU
		{37328D52-60A8-4FAD-8C4B-F151B85D55C7}.Debug|Any CPU.ActiveCfg = Debug|Any CPU
		{37328D52-60A8-4FAD-8C4B-F151B85D55C7}.Debug|Any CPU.Build.0 = Debug|Any CPU
		{37328D52-60A8-4FAD-8C4B-F151B85D55C7}.DebugLinux|Any CPU.ActiveCfg = Debug|Any CPU
		{37328D52-60A8-4FAD-8C4B-F151B85D55C7}.DebugLinux|Any CPU.Build.0 = Debug|Any CPU
		{37328D52-60A8-4FAD-8C4B-F151B85D55C7}.DebugWin|Any CPU.ActiveCfg = Debug|Any CPU
		{37328D52-60A8-4FAD-8C4B-F151B85D55C7}.DebugWin|Any CPU.Build.0 = Debug|Any CPU
		{37328D52-60A8-4FAD-8C4B-F151B85D55C7}.Release|Any CPU.ActiveCfg = Release|Any CPU
		{37328D52-60A8-4FAD-8C4B-F151B85D55C7}.Release|Any CPU.Build.0 = Release|Any CPU
		{37328D52-60A8-4FAD-8C4B-F151B85D55C7}.ReleaseLinux|Any CPU.ActiveCfg = Release|Any CPU
		{37328D52-60A8-4FAD-8C4B-F151B85D55C7}.ReleaseLinux|Any CPU.Build.0 = Release|Any CPU
		{37328D52-60A8-4FAD-8C4B-F151B85D55C7}.ReleaseWin|Any CPU.ActiveCfg = Release|Any CPU
		{37328D52-60A8-4FAD-8C4B-F151B85D55C7}.ReleaseWin|Any CPU.Build.0 = Release|Any CPU
		{4ED4CA2F-1C8F-4CDE-81F5-2753EF0E16E5}.Debug|Any CPU.ActiveCfg = Debug|Any CPU
		{4ED4CA2F-1C8F-4CDE-81F5-2753EF0E16E5}.Debug|Any CPU.Build.0 = Debug|Any CPU
		{4ED4CA2F-1C8F-4CDE-81F5-2753EF0E16E5}.DebugLinux|Any CPU.ActiveCfg = Debug|Any CPU
		{4ED4CA2F-1C8F-4CDE-81F5-2753EF0E16E5}.DebugLinux|Any CPU.Build.0 = Debug|Any CPU
		{4ED4CA2F-1C8F-4CDE-81F5-2753EF0E16E5}.DebugWin|Any CPU.ActiveCfg = Debug|Any CPU
		{4ED4CA2F-1C8F-4CDE-81F5-2753EF0E16E5}.DebugWin|Any CPU.Build.0 = Debug|Any CPU
		{4ED4CA2F-1C8F-4CDE-81F5-2753EF0E16E5}.Release|Any CPU.ActiveCfg = Release|Any CPU
		{4ED4CA2F-1C8F-4CDE-81F5-2753EF0E16E5}.Release|Any CPU.Build.0 = Release|Any CPU
		{4ED4CA2F-1C8F-4CDE-81F5-2753EF0E16E5}.ReleaseLinux|Any CPU.ActiveCfg = Release|Any CPU
		{4ED4CA2F-1C8F-4CDE-81F5-2753EF0E16E5}.ReleaseLinux|Any CPU.Build.0 = Release|Any CPU
		{4ED4CA2F-1C8F-4CDE-81F5-2753EF0E16E5}.ReleaseWin|Any CPU.ActiveCfg = Release|Any CPU
		{4ED4CA2F-1C8F-4CDE-81F5-2753EF0E16E5}.ReleaseWin|Any CPU.Build.0 = Release|Any CPU
		{174AEA3A-98A3-44F5-9A5B-FEE28970AE5A}.Debug|Any CPU.ActiveCfg = Debug|Any CPU
		{174AEA3A-98A3-44F5-9A5B-FEE28970AE5A}.Debug|Any CPU.Build.0 = Debug|Any CPU
		{174AEA3A-98A3-44F5-9A5B-FEE28970AE5A}.DebugLinux|Any CPU.ActiveCfg = Debug|Any CPU
		{174AEA3A-98A3-44F5-9A5B-FEE28970AE5A}.DebugLinux|Any CPU.Build.0 = Debug|Any CPU
		{174AEA3A-98A3-44F5-9A5B-FEE28970AE5A}.DebugWin|Any CPU.ActiveCfg = Debug|Any CPU
		{174AEA3A-98A3-44F5-9A5B-FEE28970AE5A}.DebugWin|Any CPU.Build.0 = Debug|Any CPU
		{174AEA3A-98A3-44F5-9A5B-FEE28970AE5A}.Release|Any CPU.ActiveCfg = Release|Any CPU
		{174AEA3A-98A3-44F5-9A5B-FEE28970AE5A}.Release|Any CPU.Build.0 = Release|Any CPU
		{174AEA3A-98A3-44F5-9A5B-FEE28970AE5A}.ReleaseLinux|Any CPU.ActiveCfg = Release|Any CPU
		{174AEA3A-98A3-44F5-9A5B-FEE28970AE5A}.ReleaseLinux|Any CPU.Build.0 = Release|Any CPU
		{174AEA3A-98A3-44F5-9A5B-FEE28970AE5A}.ReleaseWin|Any CPU.ActiveCfg = Release|Any CPU
		{174AEA3A-98A3-44F5-9A5B-FEE28970AE5A}.ReleaseWin|Any CPU.Build.0 = Release|Any CPU
	EndGlobalSection
	GlobalSection(SolutionProperties) = preSolution
		HideSolutionNode = FALSE
	EndGlobalSection
	GlobalSection(NestedProjects) = preSolution
		{43A1C43D-15DE-4E44-ACCB-2B009415877E} = {6BB71126-79AE-4172-8697-8682778670E7}
		{08A28F03-D327-4F60-8E86-358294C6333E} = {6BB71126-79AE-4172-8697-8682778670E7}
		{D8E72EF7-8E1D-4626-B361-5A5D40F1C186} = {6BB71126-79AE-4172-8697-8682778670E7}
		{9BE7AC90-3B1A-4F6C-A19B-14C8112B9F23} = {6BB71126-79AE-4172-8697-8682778670E7}
		{AA53E61E-1C86-4D52-907B-9BA3A32D27B0} = {E80FE273-D442-4C77-9A17-6E53F2ABADDC}
		{37328D52-60A8-4FAD-8C4B-F151B85D55C7} = {E80FE273-D442-4C77-9A17-6E53F2ABADDC}
		{4ED4CA2F-1C8F-4CDE-81F5-2753EF0E16E5} = {E80FE273-D442-4C77-9A17-6E53F2ABADDC}
		{174AEA3A-98A3-44F5-9A5B-FEE28970AE5A} = {E80FE273-D442-4C77-9A17-6E53F2ABADDC}
	EndGlobalSection
	GlobalSection(ExtensibilityGlobals) = postSolution
		SolutionGuid = {2553D011-F348-4927-95E3-3BB120EC247D}
	EndGlobalSection
	GlobalSection(SharedMSBuildProjectFiles) = preSolution
		OGA.HBD.Lib_SP\OGA.HBD.Lib_SP.projitems*{08a28f03-d327-4f60-8e86-358294c6333e}*SharedItemsImports = 5
		OGA.HBD.Lib_Tests_SP\OGA.HBD.Lib_Tests_SP.projitems*{174aea3a-98a3-44f5-9a5b-fee28970ae5a}*SharedItemsImports = 5
		OGA.HBD.Lib_Tests_SP\OGA.HBD.Lib_Tests_SP.projitems*{37328d52-60a8-4fad-8c4b-f151b85d55c7}*SharedItemsImports = 5
		OGA.HBD.Lib_SP\OGA.HBD.Lib_SP.projitems*{43a1c43d-15de-4e44-accb-2b009415877e}*SharedItemsImports = 13
		OGA.HBD.Lib_Tests_SP\OGA.HBD.Lib_Tests_SP.projitems*{4ed4ca2f-1c8f-4cde-81f5-2753ef0e16e5}*SharedItemsImports = 5
		OGA.HBD.Lib_SP\OGA.HBD.Lib_SP.projitems*{9be7ac90-3b1a-4f6c-a19b-14c8112b9f23}*SharedItemsImports = 5
		OGA.HBD.Lib_Tests_SP\OGA.HBD.Lib_Tests_SP.projitems*{aa53e61e-1c86-4d52-907b-9ba3a32d27b0}*SharedItemsImports = 13
		OGA.HBD.Lib_SP\OGA.HBD.Lib_SP.projitems*{d8e72ef7-8e1d-4626-b361-5a5d40f1c186}*SharedItemsImports = 5
	EndGlobalSection
EndGlobal
